
Microsoft Visual Studio Solution File, Format Version 12.00
# Visual Studio Version 17
VisualStudioVersion = 17.0.32014.148
MinimumVisualStudioVersion = 10.0.40219.1
Project("{FAE04EC0-301F-11D3-BF4B-00C04F79EFBC}") = "Calculadora", "Calculadora\Calculadora.csproj", "{FAB6AD08-C3D7-4510-AFFB-81BADF7993A2}"
EndProject
Global
	GlobalSection(SolutionConfigurationPlatforms) = preSolution
		Debug|Any CPU = Debug|Any CPU
		Release|Any CPU = Release|Any CPU
	EndGlobalSection
	GlobalSection(ProjectConfigurationPlatforms) = postSolution
		{FAB6AD08-C3D7-4510-AFFB-81BADF7993A2}.Debug|Any CPU.ActiveCfg = Debug|Any CPU
		{FAB6AD08-C3D7-4510-AFFB-81BADF7993A2}.Debug|Any CPU.Build.0 = Debug|Any CPU
		{FAB6AD08-C3D7-4510-AFFB-81BADF7993A2}.Release|Any CPU.ActiveCfg = Release|Any CPU
		{FAB6AD08-C3D7-4510-AFFB-81BADF7993A2}.Release|Any CPU.Build.0 = Release|Any CPU
	EndGlobalSection
	GlobalSection(SolutionProperties) = preSolution
		HideSolutionNode = FALSE
	EndGlobalSection
	GlobalSection(ExtensibilityGlobals) = postSolution
		SolutionGuid = {E94D8021-90F7-4339-931C-F9AAA5FFC555}
	EndGlobalSection
EndGlobal
